// !$*UTF8*$!
{
	archiveVersion = 1;
	classes = {
	};
	objectVersion = 50;
	objects = {

/* Begin PBXBuildFile section */
		A4025E8D25DE4FCA00F6AFD7 /* BouncerApp.swift in Sources */ = {isa = PBXBuildFile; fileRef = A4025E8C25DE4FCA00F6AFD7 /* BouncerApp.swift */; };
		A4025E8F25DE4FCA00F6AFD7 /* ContentView.swift in Sources */ = {isa = PBXBuildFile; fileRef = A4025E8E25DE4FCA00F6AFD7 /* ContentView.swift */; };
		A4025E9125DE4FCB00F6AFD7 /* Assets.xcassets in Resources */ = {isa = PBXBuildFile; fileRef = A4025E9025DE4FCB00F6AFD7 /* Assets.xcassets */; };
		A4025E9425DE4FCB00F6AFD7 /* Preview Assets.xcassets in Resources */ = {isa = PBXBuildFile; fileRef = A4025E9325DE4FCB00F6AFD7 /* Preview Assets.xcassets */; };
		A4E427CC25DF73640082FC09 /* StartUpView.swift in Sources */ = {isa = PBXBuildFile; fileRef = A4E427CB25DF73640082FC09 /* StartUpView.swift */; };
		A4E427D025DFAF440082FC09 /* ScalingAlignments.swift in Sources */ = {isa = PBXBuildFile; fileRef = A4E427CF25DFAF440082FC09 /* ScalingAlignments.swift */; };
		A4E427D425DFCC9B0082FC09 /* SignUpView.swift in Sources */ = {isa = PBXBuildFile; fileRef = A4E427D325DFCC9B0082FC09 /* SignUpView.swift */; };
		A4E427D725DFCCAC0082FC09 /* SignInView.swift in Sources */ = {isa = PBXBuildFile; fileRef = A4E427D625DFCCAC0082FC09 /* SignInView.swift */; };
/* End PBXBuildFile section */

/* Begin PBXFileReference section */
		A4025E8925DE4FCA00F6AFD7 /* Bouncer.app */ = {isa = PBXFileReference; explicitFileType = wrapper.application; includeInIndex = 0; path = Bouncer.app; sourceTree = BUILT_PRODUCTS_DIR; };
		A4025E8C25DE4FCA00F6AFD7 /* BouncerApp.swift */ = {isa = PBXFileReference; lastKnownFileType = sourcecode.swift; path = BouncerApp.swift; sourceTree = "<group>"; };
		A4025E8E25DE4FCA00F6AFD7 /* ContentView.swift */ = {isa = PBXFileReference; lastKnownFileType = sourcecode.swift; path = ContentView.swift; sourceTree = "<group>"; };
		A4025E9025DE4FCB00F6AFD7 /* Assets.xcassets */ = {isa = PBXFileReference; lastKnownFileType = folder.assetcatalog; path = Assets.xcassets; sourceTree = "<group>"; };
		A4025E9325DE4FCB00F6AFD7 /* Preview Assets.xcassets */ = {isa = PBXFileReference; lastKnownFileType = folder.assetcatalog; path = "Preview Assets.xcassets"; sourceTree = "<group>"; };
		A4025E9525DE4FCB00F6AFD7 /* Info.plist */ = {isa = PBXFileReference; lastKnownFileType = text.plist.xml; path = Info.plist; sourceTree = "<group>"; };
		A4630F8525E0BCAC00CB4E1E /* Bouncer.entitlements */ = {isa = PBXFileReference; lastKnownFileType = text.plist.entitlements; path = Bouncer.entitlements; sourceTree = "<group>"; };
		A4E427CB25DF73640082FC09 /* StartUpView.swift */ = {isa = PBXFileReference; lastKnownFileType = sourcecode.swift; path = StartUpView.swift; sourceTree = "<group>"; };
		A4E427CF25DFAF440082FC09 /* ScalingAlignments.swift */ = {isa = PBXFileReference; lastKnownFileType = sourcecode.swift; path = ScalingAlignments.swift; sourceTree = "<group>"; };
		A4E427D325DFCC9B0082FC09 /* SignUpView.swift */ = {isa = PBXFileReference; lastKnownFileType = sourcecode.swift; path = SignUpView.swift; sourceTree = "<group>"; };
		A4E427D625DFCCAC0082FC09 /* SignInView.swift */ = {isa = PBXFileReference; lastKnownFileType = sourcecode.swift; path = SignInView.swift; sourceTree = "<group>"; };
/* End PBXFileReference section */

/* Begin PBXFrameworksBuildPhase section */
		A4025E8625DE4FCA00F6AFD7 /* Frameworks */ = {
			isa = PBXFrameworksBuildPhase;
			buildActionMask = 2147483647;
			files = (
			);
			runOnlyForDeploymentPostprocessing = 0;
		};
/* End PBXFrameworksBuildPhase section */

/* Begin PBXGroup section */
		A4025E8025DE4FCA00F6AFD7 = {
			isa = PBXGroup;
			children = (
				A4025E8B25DE4FCA00F6AFD7 /* Bouncer */,
				A4025E8A25DE4FCA00F6AFD7 /* Products */,
			);
			sourceTree = "<group>";
		};
		A4025E8A25DE4FCA00F6AFD7 /* Products */ = {
			isa = PBXGroup;
			children = (
				A4025E8925DE4FCA00F6AFD7 /* Bouncer.app */,
			);
			name = Products;
			sourceTree = "<group>";
		};
		A4025E8B25DE4FCA00F6AFD7 /* Bouncer */ = {
			isa = PBXGroup;
			children = (
				A4630F8525E0BCAC00CB4E1E /* Bouncer.entitlements */,
				A4025E8C25DE4FCA00F6AFD7 /* BouncerApp.swift */,
				A4E427C825DF6F350082FC09 /* Views */,
				A4E427C925DF6F3D0082FC09 /* Model */,
				A4E427CA25DF6FAA0082FC09 /* Resources */,
				A4025E9025DE4FCB00F6AFD7 /* Assets.xcassets */,
				A4025E9525DE4FCB00F6AFD7 /* Info.plist */,
				A4025E9225DE4FCB00F6AFD7 /* Preview Content */,
			);
			path = Bouncer;
			sourceTree = "<group>";
		};
		A4025E9225DE4FCB00F6AFD7 /* Preview Content */ = {
			isa = PBXGroup;
			children = (
				A4025E9325DE4FCB00F6AFD7 /* Preview Assets.xcassets */,
			);
			path = "Preview Content";
			sourceTree = "<group>";
		};
		A4E427C825DF6F350082FC09 /* Views */ = {
			isa = PBXGroup;
			children = (
				A4025E8E25DE4FCA00F6AFD7 /* ContentView.swift */,
				A4E427CB25DF73640082FC09 /* StartUpView.swift */,
				A4E427D325DFCC9B0082FC09 /* SignUpView.swift */,
				A4E427D625DFCCAC0082FC09 /* SignInView.swift */,
			);
			path = Views;
			sourceTree = "<group>";
		};
		A4E427C925DF6F3D0082FC09 /* Model */ = {
			isa = PBXGroup;
			children = (
				A4E427CF25DFAF440082FC09 /* ScalingAlignments.swift */,
			);
			path = Model;
			sourceTree = "<group>";
		};
		A4E427CA25DF6FAA0082FC09 /* Resources */ = {
			isa = PBXGroup;
			children = (
			);
			path = Resources;
			sourceTree = "<group>";
		};
/* End PBXGroup section */

/* Begin PBXNativeTarget section */
		A4025E8825DE4FCA00F6AFD7 /* Bouncer */ = {
			isa = PBXNativeTarget;
			buildConfigurationList = A4025E9825DE4FCB00F6AFD7 /* Build configuration list for PBXNativeTarget "Bouncer" */;
			buildPhases = (
				A4025E8525DE4FCA00F6AFD7 /* Sources */,
				A4025E8625DE4FCA00F6AFD7 /* Frameworks */,
				A4025E8725DE4FCA00F6AFD7 /* Resources */,
			);
			buildRules = (
			);
			dependencies = (
			);
			name = Bouncer;
			productName = Bouncer;
			productReference = A4025E8925DE4FCA00F6AFD7 /* Bouncer.app */;
			productType = "com.apple.product-type.application";
		};
/* End PBXNativeTarget section */

/* Begin PBXProject section */
		A4025E8125DE4FCA00F6AFD7 /* Project object */ = {
			isa = PBXProject;
			attributes = {
				LastSwiftUpdateCheck = 1240;
				LastUpgradeCheck = 1240;
				TargetAttributes = {
					A4025E8825DE4FCA00F6AFD7 = {
						CreatedOnToolsVersion = 12.4;
					};
				};
			};
			buildConfigurationList = A4025E8425DE4FCA00F6AFD7 /* Build configuration list for PBXProject "Bouncer" */;
			compatibilityVersion = "Xcode 9.3";
			developmentRegion = en;
			hasScannedForEncodings = 0;
			knownRegions = (
				en,
				Base,
			);
			mainGroup = A4025E8025DE4FCA00F6AFD7;
			productRefGroup = A4025E8A25DE4FCA00F6AFD7 /* Products */;
			projectDirPath = "";
			projectRoot = "";
			targets = (
				A4025E8825DE4FCA00F6AFD7 /* Bouncer */,
			);
		};
/* End PBXProject section */

/* Begin PBXResourcesBuildPhase section */
		A4025E8725DE4FCA00F6AFD7 /* Resources */ = {
			isa = PBXResourcesBuildPhase;
			buildActionMask = 2147483647;
			files = (
				A4025E9425DE4FCB00F6AFD7 /* Preview Assets.xcassets in Resources */,
				A4025E9125DE4FCB00F6AFD7 /* Assets.xcassets in Resources */,
			);
			runOnlyForDeploymentPostprocessing = 0;
		};
/* End PBXResourcesBuildPhase section */

/* Begin PBXSourcesBuildPhase section */
		A4025E8525DE4FCA00F6AFD7 /* Sources */ = {
			isa = PBXSourcesBuildPhase;
			buildActionMask = 2147483647;
			files = (
				A4E427D425DFCC9B0082FC09 /* SignUpView.swift in Sources */,
				A4025E8F25DE4FCA00F6AFD7 /* ContentView.swift in Sources */,
				A4E427D025DFAF440082FC09 /* ScalingAlignments.swift in Sources */,
				A4E427CC25DF73640082FC09 /* StartUpView.swift in Sources */,
				A4E427D725DFCCAC0082FC09 /* SignInView.swift in Sources */,
				A4025E8D25DE4FCA00F6AFD7 /* BouncerApp.swift in Sources */,
			);
			runOnlyForDeploymentPostprocessing = 0;
		};
/* End PBXSourcesBuildPhase section */

/* Begin XCBuildConfiguration section */
		A4025E9625DE4FCB00F6AFD7 /* Debug */ = {
			isa = XCBuildConfiguration;
			buildSettings = {
				ALWAYS_SEARCH_USER_PATHS = NO;
				CLANG_ANALYZER_NONNULL = YES;
				CLANG_ANALYZER_NUMBER_OBJECT_CONVERSION = YES_AGGRESSIVE;
				CLANG_CXX_LANGUAGE_STANDARD = "gnu++14";
				CLANG_CXX_LIBRARY = "libc++";
				CLANG_ENABLE_MODULES = YES;
				CLANG_ENABLE_OBJC_ARC = YES;
				CLANG_ENABLE_OBJC_WEAK = YES;
				CLANG_WARN_BLOCK_CAPTURE_AUTORELEASING = YES;
				CLANG_WARN_BOOL_CONVERSION = YES;
				CLANG_WARN_COMMA = YES;
				CLANG_WARN_CONSTANT_CONVERSION = YES;
				CLANG_WARN_DEPRECATED_OBJC_IMPLEMENTATIONS = YES;
				CLANG_WARN_DIRECT_OBJC_ISA_USAGE = YES_ERROR;
				CLANG_WARN_DOCUMENTATION_COMMENTS = YES;
				CLANG_WARN_EMPTY_BODY = YES;
				CLANG_WARN_ENUM_CONVERSION = YES;
				CLANG_WARN_INFINITE_RECURSION = YES;
				CLANG_WARN_INT_CONVERSION = YES;
				CLANG_WARN_NON_LITERAL_NULL_CONVERSION = YES;
				CLANG_WARN_OBJC_IMPLICIT_RETAIN_SELF = YES;
				CLANG_WARN_OBJC_LITERAL_CONVERSION = YES;
				CLANG_WARN_OBJC_ROOT_CLASS = YES_ERROR;
				CLANG_WARN_QUOTED_INCLUDE_IN_FRAMEWORK_HEADER = YES;
				CLANG_WARN_RANGE_LOOP_ANALYSIS = YES;
				CLANG_WARN_STRICT_PROTOTYPES = YES;
				CLANG_WARN_SUSPICIOUS_MOVE = YES;
				CLANG_WARN_UNGUARDED_AVAILABILITY = YES_AGGRESSIVE;
				CLANG_WARN_UNREACHABLE_CODE = YES;
				CLANG_WARN__DUPLICATE_METHOD_MATCH = YES;
				COPY_PHASE_STRIP = NO;
				DEBUG_INFORMATION_FORMAT = dwarf;
				ENABLE_STRICT_OBJC_MSGSEND = YES;
				ENABLE_TESTABILITY = YES;
				GCC_C_LANGUAGE_STANDARD = gnu11;
				GCC_DYNAMIC_NO_PIC = NO;
				GCC_NO_COMMON_BLOCKS = YES;
				GCC_OPTIMIZATION_LEVEL = 0;
				GCC_PREPROCESSOR_DEFINITIONS = (
					"DEBUG=1",
					"$(inherited)",
				);
				GCC_WARN_64_TO_32_BIT_CONVERSION = YES;
				GCC_WARN_ABOUT_RETURN_TYPE = YES_ERROR;
				GCC_WARN_UNDECLARED_SELECTOR = YES;
				GCC_WARN_UNINITIALIZED_AUTOS = YES_AGGRESSIVE;
				GCC_WARN_UNUSED_FUNCTION = YES;
				GCC_WARN_UNUSED_VARIABLE = YES;
				IPHONEOS_DEPLOYMENT_TARGET = 14.4;
				MTL_ENABLE_DEBUG_INFO = INCLUDE_SOURCE;
				MTL_FAST_MATH = YES;
				ONLY_ACTIVE_ARCH = YES;
				SDKROOT = iphoneos;
				SWIFT_ACTIVE_COMPILATION_CONDITIONS = DEBUG;
				SWIFT_OPTIMIZATION_LEVEL = "-Onone";
			};
			name = Debug;
		};
		A4025E9725DE4FCB00F6AFD7 /* Release */ = {
			isa = XCBuildConfiguration;
			buildSettings = {
				ALWAYS_SEARCH_USER_PATHS = NO;
				CLANG_ANALYZER_NONNULL = YES;
				CLANG_ANALYZER_NUMBER_OBJECT_CONVERSION = YES_AGGRESSIVE;
				CLANG_CXX_LANGUAGE_STANDARD = "gnu++14";
				CLANG_CXX_LIBRARY = "libc++";
				CLANG_ENABLE_MODULES = YES;
				CLANG_ENABLE_OBJC_ARC = YES;
				CLANG_ENABLE_OBJC_WEAK = YES;
				CLANG_WARN_BLOCK_CAPTURE_AUTORELEASING = YES;
				CLANG_WARN_BOOL_CONVERSION = YES;
				CLANG_WARN_COMMA = YES;
				CLANG_WARN_CONSTANT_CONVERSION = YES;
				CLANG_WARN_DEPRECATED_OBJC_IMPLEMENTATIONS = YES;
				CLANG_WARN_DIRECT_OBJC_ISA_USAGE = YES_ERROR;
				CLANG_WARN_DOCUMENTATION_COMMENTS = YES;
				CLANG_WARN_EMPTY_BODY = YES;
				CLANG_WARN_ENUM_CONVERSION = YES;
				CLANG_WARN_INFINITE_RECURSION = YES;
				CLANG_WARN_INT_CONVERSION = YES;
				CLANG_WARN_NON_LITERAL_NULL_CONVERSION = YES;
				CLANG_WARN_OBJC_IMPLICIT_RETAIN_SELF = YES;
				CLANG_WARN_OBJC_LITERAL_CONVERSION = YES;
				CLANG_WARN_OBJC_ROOT_CLASS = YES_ERROR;
				CLANG_WARN_QUOTED_INCLUDE_IN_FRAMEWORK_HEADER = YES;
				CLANG_WARN_RANGE_LOOP_ANALYSIS = YES;
				CLANG_WARN_STRICT_PROTOTYPES = YES;
				CLANG_WARN_SUSPICIOUS_MOVE = YES;
				CLANG_WARN_UNGUARDED_AVAILABILITY = YES_AGGRESSIVE;
				CLANG_WARN_UNREACHABLE_CODE = YES;
				CLANG_WARN__DUPLICATE_METHOD_MATCH = YES;
				COPY_PHASE_STRIP = NO;
				DEBUG_INFORMATION_FORMAT = "dwarf-with-dsym";
				ENABLE_NS_ASSERTIONS = NO;
				ENABLE_STRICT_OBJC_MSGSEND = YES;
				GCC_C_LANGUAGE_STANDARD = gnu11;
				GCC_NO_COMMON_BLOCKS = YES;
				GCC_WARN_64_TO_32_BIT_CONVERSION = YES;
				GCC_WARN_ABOUT_RETURN_TYPE = YES_ERROR;
				GCC_WARN_UNDECLARED_SELECTOR = YES;
				GCC_WARN_UNINITIALIZED_AUTOS = YES_AGGRESSIVE;
				GCC_WARN_UNUSED_FUNCTION = YES;
				GCC_WARN_UNUSED_VARIABLE = YES;
				IPHONEOS_DEPLOYMENT_TARGET = 14.4;
				MTL_ENABLE_DEBUG_INFO = NO;
				MTL_FAST_MATH = YES;
				SDKROOT = iphoneos;
				SWIFT_COMPILATION_MODE = wholemodule;
				SWIFT_OPTIMIZATION_LEVEL = "-O";
				VALIDATE_PRODUCT = YES;
			};
			name = Release;
		};
		A4025E9925DE4FCB00F6AFD7 /* Debug */ = {
			isa = XCBuildConfiguration;
			buildSettings = {
				ASSETCATALOG_COMPILER_APPICON_NAME = AppIcon;
				ASSETCATALOG_COMPILER_GLOBAL_ACCENT_COLOR_NAME = AccentColor;
				CODE_SIGN_ENTITLEMENTS = Bouncer/Bouncer.entitlements;
				CODE_SIGN_STYLE = Automatic;
				DEVELOPMENT_ASSET_PATHS = "\"Bouncer/Preview Content\"";
				DEVELOPMENT_TEAM = 9U9G99R68J;
				ENABLE_PREVIEWS = YES;
				INFOPLIST_FILE = Bouncer/Info.plist;
				IPHONEOS_DEPLOYMENT_TARGET = 14.0;
				LD_RUNPATH_SEARCH_PATHS = (
					"$(inherited)",
					"@executable_path/Frameworks",
				);
				PRODUCT_BUNDLE_IDENTIFIER = bouncerapps.Bouncer;
				PRODUCT_NAME = "$(TARGET_NAME)";
				SWIFT_VERSION = 5.0;
				TARGETED_DEVICE_FAMILY = "1,2";
			};
			name = Debug;
		};
		A4025E9A25DE4FCB00F6AFD7 /* Release */ = {
			isa = XCBuildConfiguration;
			buildSettings = {
				ASSETCATALOG_COMPILER_APPICON_NAME = AppIcon;
				ASSETCATALOG_COMPILER_GLOBAL_ACCENT_COLOR_NAME = AccentColor;
				CODE_SIGN_ENTITLEMENTS = Bouncer/Bouncer.entitlements;
				CODE_SIGN_STYLE = Automatic;
				DEVELOPMENT_ASSET_PATHS = "\"Bouncer/Preview Content\"";
				DEVELOPMENT_TEAM = 9U9G99R68J;
				ENABLE_PREVIEWS = YES;
				INFOPLIST_FILE = Bouncer/Info.plist;
				IPHONEOS_DEPLOYMENT_TARGET = 14.0;
				LD_RUNPATH_SEARCH_PATHS = (
					"$(inherited)",
					"@executable_path/Frameworks",
				);
				PRODUCT_BUNDLE_IDENTIFIER = bouncerapps.Bouncer;
				PRODUCT_NAME = "$(TARGET_NAME)";
				SWIFT_VERSION = 5.0;
				TARGETED_DEVICE_FAMILY = "1,2";
			};
			name = Release;
		};
/* End XCBuildConfiguration section */

/* Begin XCConfigurationList section */
		A4025E8425DE4FCA00F6AFD7 /* Build configuration list for PBXProject "Bouncer" */ = {
			isa = XCConfigurationList;
			buildConfigurations = (
				A4025E9625DE4FCB00F6AFD7 /* Debug */,
				A4025E9725DE4FCB00F6AFD7 /* Release */,
			);
			defaultConfigurationIsVisible = 0;
			defaultConfigurationName = Release;
		};
		A4025E9825DE4FCB00F6AFD7 /* Build configuration list for PBXNativeTarget "Bouncer" */ = {
			isa = XCConfigurationList;
			buildConfigurations = (
				A4025E9925DE4FCB00F6AFD7 /* Debug */,
				A4025E9A25DE4FCB00F6AFD7 /* Release */,
			);
			defaultConfigurationIsVisible = 0;
			defaultConfigurationName = Release;
		};
/* End XCConfigurationList section */
	};
	rootObject = A4025E8125DE4FCA00F6AFD7 /* Project object */;
}
